// !$*UTF8*$!
{
	archiveVersion = 1;
	classes = {
	};
	objectVersion = 46;
	objects = {

/* Begin PBXBuildFile section */
		ED366B5F1D994FB700840978 /* AppDelegate.swift in Sources */ = {isa = PBXBuildFile; fileRef = ED366B5E1D994FB700840978 /* AppDelegate.swift */; };
		ED366B611D994FB700840978 /* ViewController.swift in Sources */ = {isa = PBXBuildFile; fileRef = ED366B601D994FB700840978 /* ViewController.swift */; };
		ED366B641D994FB700840978 /* Main.storyboard in Resources */ = {isa = PBXBuildFile; fileRef = ED366B621D994FB700840978 /* Main.storyboard */; };
		ED366B661D994FB700840978 /* Assets.xcassets in Resources */ = {isa = PBXBuildFile; fileRef = ED366B651D994FB700840978 /* Assets.xcassets */; };
		ED366B691D994FB700840978 /* LaunchScreen.storyboard in Resources */ = {isa = PBXBuildFile; fileRef = ED366B671D994FB700840978 /* LaunchScreen.storyboard */; };
		ED366B731D99518400840978 /* ShowViewController.swift in Sources */ = {isa = PBXBuildFile; fileRef = ED366B721D99518400840978 /* ShowViewController.swift */; };
		ED366B751D9952DC00840978 /* SACCollapseAnimator.swift in Sources */ = {isa = PBXBuildFile; fileRef = ED366B741D9952DC00840978 /* SACCollapseAnimator.swift */; };
		ED366B771D99A55E00840978 /* xiaoguo.gif in Resources */ = {isa = PBXBuildFile; fileRef = ED366B761D99A55E00840978 /* xiaoguo.gif */; };
		EDBCF3781E164F1A00B5DC16 /* 心里测试.jpeg in Resources */ = {isa = PBXBuildFile; fileRef = EDBCF3771E164F1A00B5DC16 /* 心里测试.jpeg */; };
/* End PBXBuildFile section */

/* Begin PBXFileReference section */
		ED366B5B1D994FB700840978 /* crashanimation.app */ = {isa = PBXFileReference; explicitFileType = wrapper.application; includeInIndex = 0; path = crashanimation.app; sourceTree = BUILT_PRODUCTS_DIR; };
		ED366B5E1D994FB700840978 /* AppDelegate.swift */ = {isa = PBXFileReference; lastKnownFileType = sourcecode.swift; path = AppDelegate.swift; sourceTree = "<group>"; };
		ED366B601D994FB700840978 /* ViewController.swift */ = {isa = PBXFileReference; lastKnownFileType = sourcecode.swift; path = ViewController.swift; sourceTree = "<group>"; };
		ED366B631D994FB700840978 /* Base */ = {isa = PBXFileReference; lastKnownFileType = file.storyboard; name = Base; path = Base.lproj/Main.storyboard; sourceTree = "<group>"; };
		ED366B651D994FB700840978 /* Assets.xcassets */ = {isa = PBXFileReference; lastKnownFileType = folder.assetcatalog; path = Assets.xcassets; sourceTree = "<group>"; };
		ED366B681D994FB700840978 /* Base */ = {isa = PBXFileReference; lastKnownFileType = file.storyboard; name = Base; path = Base.lproj/LaunchScreen.storyboard; sourceTree = "<group>"; };
		ED366B6A1D994FB700840978 /* Info.plist */ = {isa = PBXFileReference; lastKnownFileType = text.plist.xml; path = Info.plist; sourceTree = "<group>"; };
		ED366B721D99518400840978 /* ShowViewController.swift */ = {isa = PBXFileReference; fileEncoding = 4; lastKnownFileType = sourcecode.swift; path = ShowViewController.swift; sourceTree = "<group>"; };
		ED366B741D9952DC00840978 /* SACCollapseAnimator.swift */ = {isa = PBXFileReference; fileEncoding = 4; lastKnownFileType = sourcecode.swift; path = SACCollapseAnimator.swift; sourceTree = "<group>"; };
		ED366B761D99A55E00840978 /* xiaoguo.gif */ = {isa = PBXFileReference; lastKnownFileType = image.gif; path = xiaoguo.gif; sourceTree = "<group>"; };
		EDBCF3771E164F1A00B5DC16 /* 心里测试.jpeg */ = {isa = PBXFileReference; lastKnownFileType = image.jpeg; path = "心里测试.jpeg"; sourceTree = "<group>"; };
/* End PBXFileReference section */

/* Begin PBXFrameworksBuildPhase section */
		ED366B581D994FB700840978 /* Frameworks */ = {
			isa = PBXFrameworksBuildPhase;
			buildActionMask = 2147483647;
			files = (
			);
			runOnlyForDeploymentPostprocessing = 0;
		};
/* End PBXFrameworksBuildPhase section */

/* Begin PBXGroup section */
		ED366B521D994FB700840978 = {
			isa = PBXGroup;
			children = (
				ED366B5D1D994FB700840978 /* crashanimation */,
				ED366B5C1D994FB700840978 /* Products */,
			);
			sourceTree = "<group>";
		};
		ED366B5C1D994FB700840978 /* Products */ = {
			isa = PBXGroup;
			children = (
				ED366B5B1D994FB700840978 /* crashanimation.app */,
			);
			name = Products;
			sourceTree = "<group>";
		};
		ED366B5D1D994FB700840978 /* crashanimation */ = {
			isa = PBXGroup;
			children = (
				ED366B761D99A55E00840978 /* xiaoguo.gif */,
				ED366B741D9952DC00840978 /* SACCollapseAnimator.swift */,
				ED366B5E1D994FB700840978 /* AppDelegate.swift */,
				ED366B601D994FB700840978 /* ViewController.swift */,
				ED366B721D99518400840978 /* ShowViewController.swift */,
				ED366B621D994FB700840978 /* Main.storyboard */,
				EDBCF3771E164F1A00B5DC16 /* 心里测试.jpeg */,
				ED366B651D994FB700840978 /* Assets.xcassets */,
				ED366B671D994FB700840978 /* LaunchScreen.storyboard */,
				ED366B6A1D994FB700840978 /* Info.plist */,
			);
			path = crashanimation;
			sourceTree = "<group>";
		};
/* End PBXGroup section */

/* Begin PBXNativeTarget section */
		ED366B5A1D994FB700840978 /* crashanimation */ = {
			isa = PBXNativeTarget;
			buildConfigurationList = ED366B6D1D994FB700840978 /* Build configuration list for PBXNativeTarget "crashanimation" */;
			buildPhases = (
				ED366B571D994FB700840978 /* Sources */,
				ED366B581D994FB700840978 /* Frameworks */,
				ED366B591D994FB700840978 /* Resources */,
			);
			buildRules = (
			);
			dependencies = (
			);
			name = crashanimation;
			productName = crashanimation;
			productReference = ED366B5B1D994FB700840978 /* crashanimation.app */;
			productType = "com.apple.product-type.application";
		};
/* End PBXNativeTarget section */

/* Begin PBXProject section */
		ED366B531D994FB700840978 /* Project object */ = {
			isa = PBXProject;
			attributes = {
				LastSwiftUpdateCheck = 0800;
				LastUpgradeCheck = 0810;
				ORGANIZATIONNAME = lotawei;
				TargetAttributes = {
					ED366B5A1D994FB700840978 = {
						CreatedOnToolsVersion = 8.0;
						LastSwiftMigration = 0810;
						ProvisioningStyle = Automatic;
					};
				};
			};
			buildConfigurationList = ED366B561D994FB700840978 /* Build configuration list for PBXProject "crashanimation" */;
			compatibilityVersion = "Xcode 3.2";
			developmentRegion = English;
			hasScannedForEncodings = 0;
			knownRegions = (
				en,
				Base,
			);
			mainGroup = ED366B521D994FB700840978;
			productRefGroup = ED366B5C1D994FB700840978 /* Products */;
			projectDirPath = "";
			projectRoot = "";
			targets = (
				ED366B5A1D994FB700840978 /* crashanimation */,
			);
		};
/* End PBXProject section */

/* Begin PBXResourcesBuildPhase section */
		ED366B591D994FB700840978 /* Resources */ = {
			isa = PBXResourcesBuildPhase;
			buildActionMask = 2147483647;
			files = (
				EDBCF3781E164F1A00B5DC16 /* 心里测试.jpeg in Resources */,
				ED366B691D994FB700840978 /* LaunchScreen.storyboard in Resources */,
				ED366B661D994FB700840978 /* Assets.xcassets in Resources */,
				ED366B641D994FB700840978 /* Main.storyboard in Resources */,
				ED366B771D99A55E00840978 /* xiaoguo.gif in Resources */,
			);
			runOnlyForDeploymentPostprocessing = 0;
		};
/* End PBXResourcesBuildPhase section */

/* Begin PBXSourcesBuildPhase section */
		ED366B571D994FB700840978 /* Sources */ = {
			isa = PBXSourcesBuildPhase;
			buildActionMask = 2147483647;
			files = (
				ED366B611D994FB700840978 /* ViewController.swift in Sources */,
				ED366B751D9952DC00840978 /* SACCollapseAnimator.swift in Sources */,
				ED366B5F1D994FB700840978 /* AppDelegate.swift in Sources */,
				ED366B731D99518400840978 /* ShowViewController.swift in Sources */,
			);
			runOnlyForDeploymentPostprocessing = 0;
		};
/* End PBXSourcesBuildPhase section */

/* Begin PBXVariantGroup section */
		ED366B621D994FB700840978 /* Main.storyboard */ = {
			isa = PBXVariantGroup;
			children = (
				ED366B631D994FB700840978 /* Base */,
			);
			name = Main.storyboard;
			sourceTree = "<group>";
		};
		ED366B671D994FB700840978 /* LaunchScreen.storyboard */ = {
			isa = PBXVariantGroup;
			children = (
				ED366B681D994FB700840978 /* Base */,
			);
			name = LaunchScreen.storyboard;
			sourceTree = "<group>";
		};
/* End PBXVariantGroup section */

/* Begin XCBuildConfiguration section */
		ED366B6B1D994FB700840978 /* Debug */ = {
			isa = XCBuildConfiguration;
			buildSettings = {
				ALWAYS_SEARCH_USER_PATHS = NO;
				CLANG_ANALYZER_NONNULL = YES;
				CLANG_CXX_LANGUAGE_STANDARD = "gnu++0x";
				CLANG_CXX_LIBRARY = "libc++";
				CLANG_ENABLE_MODULES = YES;
				CLANG_ENABLE_OBJC_ARC = YES;
				CLANG_WARN_BOOL_CONVERSION = YES;
				CLANG_WARN_CONSTANT_CONVERSION = YES;
				CLANG_WARN_DIRECT_OBJC_ISA_USAGE = YES_ERROR;
				CLANG_WARN_DOCUMENTATION_COMMENTS = YES;
				CLANG_WARN_EMPTY_BODY = YES;
				CLANG_WARN_ENUM_CONVERSION = YES;
				CLANG_WARN_INFINITE_RECURSION = YES;
				CLANG_WARN_INT_CONVERSION = YES;
				CLANG_WARN_OBJC_ROOT_CLASS = YES_ERROR;
				CLANG_WARN_SUSPICIOUS_MOVE = YES;
				CLANG_WARN_SUSPICIOUS_MOVES = YES;
				CLANG_WARN_UNREACHABLE_CODE = YES;
				CLANG_WARN__DUPLICATE_METHOD_MATCH = YES;
				"CODE_SIGN_IDENTITY[sdk=iphoneos*]" = "iPhone Developer";
				COPY_PHASE_STRIP = NO;
				DEBUG_INFORMATION_FORMAT = dwarf;
				ENABLE_STRICT_OBJC_MSGSEND = YES;
				ENABLE_TESTABILITY = YES;
				GCC_C_LANGUAGE_STANDARD = gnu99;
				GCC_DYNAMIC_NO_PIC = NO;
				GCC_NO_COMMON_BLOCKS = YES;
				GCC_OPTIMIZATION_LEVEL = 0;
				GCC_PREPROCESSOR_DEFINITIONS = (
					"DEBUG=1",
					"$(inherited)",
				);
				GCC_WARN_64_TO_32_BIT_CONVERSION = YES;
				GCC_WARN_ABOUT_RETURN_TYPE = YES_ERROR;
				GCC_WARN_UNDECLARED_SELECTOR = YES;
				GCC_WARN_UNINITIALIZED_AUTOS = YES_AGGRESSIVE;
				GCC_WARN_UNUSED_FUNCTION = YES;
				GCC_WARN_UNUSED_VARIABLE = YES;
				IPHONEOS_DEPLOYMENT_TARGET = 10.0;
				MTL_ENABLE_DEBUG_INFO = YES;
				ONLY_ACTIVE_ARCH = YES;
				SDKROOT = iphoneos;
				SWIFT_ACTIVE_COMPILATION_CONDITIONS = DEBUG;
				SWIFT_OPTIMIZATION_LEVEL = "-Onone";
			};
			name = Debug;
		};
		ED366B6C1D994FB700840978 /* Release */ = {
			isa = XCBuildConfiguration;
			buildSettings = {
				ALWAYS_SEARCH_USER_PATHS = NO;
				CLANG_ANALYZER_NONNULL = YES;
				CLANG_CXX_LANGUAGE_STANDARD = "gnu++0x";
				CLANG_CXX_LIBRARY = "libc++";
				CLANG_ENABLE_MODULES = YES;
				CLANG_ENABLE_OBJC_ARC = YES;
				CLANG_WARN_BOOL_CONVERSION = YES;
				CLANG_WARN_CONSTANT_CONVERSION = YES;
				CLANG_WARN_DIRECT_OBJC_ISA_USAGE = YES_ERROR;
				CLANG_WARN_DOCUMENTATION_COMMENTS = YES;
				CLANG_WARN_EMPTY_BODY = YES;
				CLANG_WARN_ENUM_CONVERSION = YES;
				CLANG_WARN_INFINITE_RECURSION = YES;
				CLANG_WARN_INT_CONVERSION = YES;
				CLANG_WARN_OBJC_ROOT_CLASS = YES_ERROR;
				CLANG_WARN_SUSPICIOUS_MOVE = YES;
				CLANG_WARN_SUSPICIOUS_MOVES = YES;
				CLANG_WARN_UNREACHABLE_CODE = YES;
				CLANG_WARN__DUPLICATE_METHOD_MATCH = YES;
				"CODE_SIGN_IDENTITY[sdk=iphoneos*]" = "iPhone Developer";
				COPY_PHASE_STRIP = NO;
				DEBUG_INFORMATION_FORMAT = "dwarf-with-dsym";
				ENABLE_NS_ASSERTIONS = NO;
				ENABLE_STRICT_OBJC_MSGSEND = YES;
				GCC_C_LANGUAGE_STANDARD = gnu99;
				GCC_NO_COMMON_BLOCKS = YES;
				GCC_WARN_64_TO_32_BIT_CONVERSION = YES;
				GCC_WARN_ABOUT_RETURN_TYPE = YES_ERROR;
				GCC_WARN_UNDECLARED_SELECTOR = YES;
				GCC_WARN_UNINITIALIZED_AUTOS = YES_AGGRESSIVE;
				GCC_WARN_UNUSED_FUNCTION = YES;
				GCC_WARN_UNUSED_VARIABLE = YES;
				IPHONEOS_DEPLOYMENT_TARGET = 10.0;
				MTL_ENABLE_DEBUG_INFO = NO;
				SDKROOT = iphoneos;
				SWIFT_OPTIMIZATION_LEVEL = "-Owholemodule";
				VALIDATE_PRODUCT = YES;
			};
			name = Release;
		};
		ED366B6E1D994FB700840978 /* Debug */ = {
			isa = XCBuildConfiguration;
			buildSettings = {
				ASSETCATALOG_COMPILER_APPICON_NAME = AppIcon;
				INFOPLIST_FILE = crashanimation/Info.plist;
				LD_RUNPATH_SEARCH_PATHS = "$(inherited) @executable_path/Frameworks";
				PRODUCT_BUNDLE_IDENTIFIER = com.lw.cn.crashanimation;
				PRODUCT_NAME = "$(TARGET_NAME)";
				SWIFT_VERSION = 3.0;
			};
			name = Debug;
		};
		ED366B6F1D994FB700840978 /* Release */ = {
			isa = XCBuildConfiguration;
			buildSettings = {
				ASSETCATALOG_COMPILER_APPICON_NAME = AppIcon;
				INFOPLIST_FILE = crashanimation/Info.plist;
				LD_RUNPATH_SEARCH_PATHS = "$(inherited) @executable_path/Frameworks";
				PRODUCT_BUNDLE_IDENTIFIER = com.lw.cn.crashanimation;
				PRODUCT_NAME = "$(TARGET_NAME)";
				SWIFT_VERSION = 3.0;
			};
			name = Release;
		};
/* End XCBuildConfiguration section */

/* Begin XCConfigurationList section */
		ED366B561D994FB700840978 /* Build configuration list for PBXProject "crashanimation" */ = {
			isa = XCConfigurationList;
			buildConfigurations = (
				ED366B6B1D994FB700840978 /* Debug */,
				ED366B6C1D994FB700840978 /* Release */,
			);
			defaultConfigurationIsVisible = 0;
			defaultConfigurationName = Release;
		};
		ED366B6D1D994FB700840978 /* Build configuration list for PBXNativeTarget "crashanimation" */ = {
			isa = XCConfigurationList;
			buildConfigurations = (
				ED366B6E1D994FB700840978 /* Debug */,
				ED366B6F1D994FB700840978 /* Release */,
			);
			defaultConfigurationIsVisible = 0;
			defaultConfigurationName = Release;
		};
/* End XCConfigurationList section */
	};
	rootObject = ED366B531D994FB700840978 /* Project object */;
}
